// !$*UTF8*$!
{
	archiveVersion = 1;
	classes = {
	};
	objectVersion = 56;
	objects = {

/* Begin PBXBuildFile section */
		C33D628B2C5E715A00997C56 /* ImageGenApp.swift in Sources */ = {isa = PBXBuildFile; fileRef = C33D628A2C5E715A00997C56 /* ImageGenApp.swift */; };
		C33D628D2C5E715A00997C56 /* ContentView.swift in Sources */ = {isa = PBXBuildFile; fileRef = C33D628C2C5E715A00997C56 /* ContentView.swift */; };
		C33D628F2C5E715D00997C56 /* Assets.xcassets in Resources */ = {isa = PBXBuildFile; fileRef = C33D628E2C5E715D00997C56 /* Assets.xcassets */; };
		C33D62922C5E715D00997C56 /* Preview Assets.xcassets in Resources */ = {isa = PBXBuildFile; fileRef = C33D62912C5E715D00997C56 /* Preview Assets.xcassets */; };
		C33D629A2C5E71D000997C56 /* OpenAIKit in Frameworks */ = {isa = PBXBuildFile; productRef = C33D62992C5E71D000997C56 /* OpenAIKit */; };
		C33D629C2C5E7A8900997C56 /* ProfileView.swift in Sources */ = {isa = PBXBuildFile; fileRef = C33D629B2C5E7A8900997C56 /* ProfileView.swift */; };
		C33D62A22C5E7D2500997C56 /* Model.xcdatamodeld in Sources */ = {isa = PBXBuildFile; fileRef = C33D62A02C5E7D2500997C56 /* Model.xcdatamodeld */; };
		C33D62A42C5E7DDC00997C56 /* PersistenceController.swift in Sources */ = {isa = PBXBuildFile; fileRef = C33D62A32C5E7DDB00997C56 /* PersistenceController.swift */; };
		C33D62A62C5EC8E400997C56 /* ImageView.swift in Sources */ = {isa = PBXBuildFile; fileRef = C33D62A52C5EC8E400997C56 /* ImageView.swift */; };
/* End PBXBuildFile section */

/* Begin PBXFileReference section */
		C33D62872C5E715A00997C56 /* ImageGen.app */ = {isa = PBXFileReference; explicitFileType = wrapper.application; includeInIndex = 0; path = ImageGen.app; sourceTree = BUILT_PRODUCTS_DIR; };
		C33D628A2C5E715A00997C56 /* ImageGenApp.swift */ = {isa = PBXFileReference; lastKnownFileType = sourcecode.swift; path = ImageGenApp.swift; sourceTree = "<group>"; };
		C33D628C2C5E715A00997C56 /* ContentView.swift */ = {isa = PBXFileReference; lastKnownFileType = sourcecode.swift; path = ContentView.swift; sourceTree = "<group>"; };
		C33D628E2C5E715D00997C56 /* Assets.xcassets */ = {isa = PBXFileReference; lastKnownFileType = folder.assetcatalog; path = Assets.xcassets; sourceTree = "<group>"; };
		C33D62912C5E715D00997C56 /* Preview Assets.xcassets */ = {isa = PBXFileReference; lastKnownFileType = folder.assetcatalog; path = "Preview Assets.xcassets"; sourceTree = "<group>"; };
		C33D629B2C5E7A8900997C56 /* ProfileView.swift */ = {isa = PBXFileReference; lastKnownFileType = sourcecode.swift; path = ProfileView.swift; sourceTree = "<group>"; };
		C33D62A12C5E7D2500997C56 /* Model.xcdatamodel */ = {isa = PBXFileReference; lastKnownFileType = wrapper.xcdatamodel; path = Model.xcdatamodel; sourceTree = "<group>"; };
		C33D62A32C5E7DDB00997C56 /* PersistenceController.swift */ = {isa = PBXFileReference; lastKnownFileType = sourcecode.swift; path = PersistenceController.swift; sourceTree = "<group>"; };
		C33D62A52C5EC8E400997C56 /* ImageView.swift */ = {isa = PBXFileReference; lastKnownFileType = sourcecode.swift; path = ImageView.swift; sourceTree = "<group>"; };
/* End PBXFileReference section */

/* Begin PBXFrameworksBuildPhase section */
		C33D62842C5E715A00997C56 /* Frameworks */ = {
			isa = PBXFrameworksBuildPhase;
			buildActionMask = 2147483647;
			files = (
				C33D629A2C5E71D000997C56 /* OpenAIKit in Frameworks */,
			);
			runOnlyForDeploymentPostprocessing = 0;
		};
/* End PBXFrameworksBuildPhase section */

/* Begin PBXGroup section */
		C33D627E2C5E715A00997C56 = {
			isa = PBXGroup;
			children = (
				C33D62892C5E715A00997C56 /* ImageGen */,
				C33D62882C5E715A00997C56 /* Products */,
			);
			sourceTree = "<group>";
		};
		C33D62882C5E715A00997C56 /* Products */ = {
			isa = PBXGroup;
			children = (
				C33D62872C5E715A00997C56 /* ImageGen.app */,
			);
			name = Products;
			sourceTree = "<group>";
		};
		C33D62892C5E715A00997C56 /* ImageGen */ = {
			isa = PBXGroup;
			children = (
				C33D628A2C5E715A00997C56 /* ImageGenApp.swift */,
				C33D628C2C5E715A00997C56 /* ContentView.swift */,
				C33D629B2C5E7A8900997C56 /* ProfileView.swift */,
				C33D62A52C5EC8E400997C56 /* ImageView.swift */,
				C33D62A32C5E7DDB00997C56 /* PersistenceController.swift */,
				C33D62A02C5E7D2500997C56 /* Model.xcdatamodeld */,
				C33D628E2C5E715D00997C56 /* Assets.xcassets */,
				C33D62902C5E715D00997C56 /* Preview Content */,
			);
			path = ImageGen;
			sourceTree = "<group>";
		};
		C33D62902C5E715D00997C56 /* Preview Content */ = {
			isa = PBXGroup;
			children = (
				C33D62912C5E715D00997C56 /* Preview Assets.xcassets */,
			);
			path = "Preview Content";
			sourceTree = "<group>";
		};
/* End PBXGroup section */

/* Begin PBXNativeTarget section */
		C33D62862C5E715A00997C56 /* ImageGen */ = {
			isa = PBXNativeTarget;
			buildConfigurationList = C33D62952C5E715D00997C56 /* Build configuration list for PBXNativeTarget "ImageGen" */;
			buildPhases = (
				C33D62832C5E715A00997C56 /* Sources */,
				C33D62842C5E715A00997C56 /* Frameworks */,
				C33D62852C5E715A00997C56 /* Resources */,
			);
			buildRules = (
			);
			dependencies = (
			);
			name = ImageGen;
			packageProductDependencies = (
				C33D62992C5E71D000997C56 /* OpenAIKit */,
			);
			productName = ImageGen;
			productReference = C33D62872C5E715A00997C56 /* ImageGen.app */;
			productType = "com.apple.product-type.application";
		};
/* End PBXNativeTarget section */

/* Begin PBXProject section */
		C33D627F2C5E715A00997C56 /* Project object */ = {
			isa = PBXProject;
			attributes = {
				BuildIndependentTargetsInParallel = 1;
				LastSwiftUpdateCheck = 1520;
				LastUpgradeCheck = 1520;
				TargetAttributes = {
					C33D62862C5E715A00997C56 = {
						CreatedOnToolsVersion = 15.2;
					};
				};
			};
			buildConfigurationList = C33D62822C5E715A00997C56 /* Build configuration list for PBXProject "ImageGen" */;
			compatibilityVersion = "Xcode 14.0";
			developmentRegion = en;
			hasScannedForEncodings = 0;
			knownRegions = (
				en,
				Base,
			);
			mainGroup = C33D627E2C5E715A00997C56;
			packageReferences = (
				C33D62982C5E71D000997C56 /* XCRemoteSwiftPackageReference "OpenAIKit" */,
			);
			productRefGroup = C33D62882C5E715A00997C56 /* Products */;
			projectDirPath = "";
			projectRoot = "";
			targets = (
				C33D62862C5E715A00997C56 /* ImageGen */,
			);
		};
/* End PBXProject section */

/* Begin PBXResourcesBuildPhase section */
		C33D62852C5E715A00997C56 /* Resources */ = {
			isa = PBXResourcesBuildPhase;
			buildActionMask = 2147483647;
			files = (
				C33D62922C5E715D00997C56 /* Preview Assets.xcassets in Resources */,
				C33D628F2C5E715D00997C56 /* Assets.xcassets in Resources */,
			);
			runOnlyForDeploymentPostprocessing = 0;
		};
/* End PBXResourcesBuildPhase section */

/* Begin PBXSourcesBuildPhase section */
		C33D62832C5E715A00997C56 /* Sources */ = {
			isa = PBXSourcesBuildPhase;
			buildActionMask = 2147483647;
			files = (
				C33D62A62C5EC8E400997C56 /* ImageView.swift in Sources */,
				C33D628D2C5E715A00997C56 /* ContentView.swift in Sources */,
				C33D629C2C5E7A8900997C56 /* ProfileView.swift in Sources */,
				C33D628B2C5E715A00997C56 /* ImageGenApp.swift in Sources */,
				C33D62A22C5E7D2500997C56 /* Model.xcdatamodeld in Sources */,
				C33D62A42C5E7DDC00997C56 /* PersistenceController.swift in Sources */,
			);
			runOnlyForDeploymentPostprocessing = 0;
		};
/* End PBXSourcesBuildPhase section */

/* Begin XCBuildConfiguration section */
		C33D62932C5E715D00997C56 /* Debug */ = {
			isa = XCBuildConfiguration;
			buildSettings = {
				ALWAYS_SEARCH_USER_PATHS = NO;
				ASSETCATALOG_COMPILER_GENERATE_SWIFT_ASSET_SYMBOL_EXTENSIONS = YES;
				CLANG_ANALYZER_NONNULL = YES;
				CLANG_ANALYZER_NUMBER_OBJECT_CONVERSION = YES_AGGRESSIVE;
				CLANG_CXX_LANGUAGE_STANDARD = "gnu++20";
				CLANG_ENABLE_MODULES = YES;
				CLANG_ENABLE_OBJC_ARC = YES;
				CLANG_ENABLE_OBJC_WEAK = YES;
				CLANG_WARN_BLOCK_CAPTURE_AUTORELEASING = YES;
				CLANG_WARN_BOOL_CONVERSION = YES;
				CLANG_WARN_COMMA = YES;
				CLANG_WARN_CONSTANT_CONVERSION = YES;
				CLANG_WARN_DEPRECATED_OBJC_IMPLEMENTATIONS = YES;
				CLANG_WARN_DIRECT_OBJC_ISA_USAGE = YES_ERROR;
				CLANG_WARN_DOCUMENTATION_COMMENTS = YES;
				CLANG_WARN_EMPTY_BODY = YES;
				CLANG_WARN_ENUM_CONVERSION = YES;
				CLANG_WARN_INFINITE_RECURSION = YES;
				CLANG_WARN_INT_CONVERSION = YES;
				CLANG_WARN_NON_LITERAL_NULL_CONVERSION = YES;
				CLANG_WARN_OBJC_IMPLICIT_RETAIN_SELF = YES;
				CLANG_WARN_OBJC_LITERAL_CONVERSION = YES;
				CLANG_WARN_OBJC_ROOT_CLASS = YES_ERROR;
				CLANG_WARN_QUOTED_INCLUDE_IN_FRAMEWORK_HEADER = YES;
				CLANG_WARN_RANGE_LOOP_ANALYSIS = YES;
				CLANG_WARN_STRICT_PROTOTYPES = YES;
				CLANG_WARN_SUSPICIOUS_MOVE = YES;
				CLANG_WARN_UNGUARDED_AVAILABILITY = YES_AGGRESSIVE;
				CLANG_WARN_UNREACHABLE_CODE = YES;
				CLANG_WARN__DUPLICATE_METHOD_MATCH = YES;
				COPY_PHASE_STRIP = NO;
				DEBUG_INFORMATION_FORMAT = dwarf;
				ENABLE_STRICT_OBJC_MSGSEND = YES;
				ENABLE_TESTABILITY = YES;
				ENABLE_USER_SCRIPT_SANDBOXING = YES;
				GCC_C_LANGUAGE_STANDARD = gnu17;
				GCC_DYNAMIC_NO_PIC = NO;
				GCC_NO_COMMON_BLOCKS = YES;
				GCC_OPTIMIZATION_LEVEL = 0;
				GCC_PREPROCESSOR_DEFINITIONS = (
					"DEBUG=1",
					"$(inherited)",
				);
				GCC_WARN_64_TO_32_BIT_CONVERSION = YES;
				GCC_WARN_ABOUT_RETURN_TYPE = YES_ERROR;
				GCC_WARN_UNDECLARED_SELECTOR = YES;
				GCC_WARN_UNINITIALIZED_AUTOS = YES_AGGRESSIVE;
				GCC_WARN_UNUSED_FUNCTION = YES;
				GCC_WARN_UNUSED_VARIABLE = YES;
				IPHONEOS_DEPLOYMENT_TARGET = 17.2;
				LOCALIZATION_PREFERS_STRING_CATALOGS = YES;
				MTL_ENABLE_DEBUG_INFO = INCLUDE_SOURCE;
				MTL_FAST_MATH = YES;
				ONLY_ACTIVE_ARCH = YES;
				SDKROOT = iphoneos;
				SWIFT_ACTIVE_COMPILATION_CONDITIONS = "DEBUG $(inherited)";
				SWIFT_OPTIMIZATION_LEVEL = "-Onone";
			};
			name = Debug;
		};
		C33D62942C5E715D00997C56 /* Release */ = {
			isa = XCBuildConfiguration;
			buildSettings = {
				ALWAYS_SEARCH_USER_PATHS = NO;
				ASSETCATALOG_COMPILER_GENERATE_SWIFT_ASSET_SYMBOL_EXTENSIONS = YES;
				CLANG_ANALYZER_NONNULL = YES;
				CLANG_ANALYZER_NUMBER_OBJECT_CONVERSION = YES_AGGRESSIVE;
				CLANG_CXX_LANGUAGE_STANDARD = "gnu++20";
				CLANG_ENABLE_MODULES = YES;
				CLANG_ENABLE_OBJC_ARC = YES;
				CLANG_ENABLE_OBJC_WEAK = YES;
				CLANG_WARN_BLOCK_CAPTURE_AUTORELEASING = YES;
				CLANG_WARN_BOOL_CONVERSION = YES;
				CLANG_WARN_COMMA = YES;
				CLANG_WARN_CONSTANT_CONVERSION = YES;
				CLANG_WARN_DEPRECATED_OBJC_IMPLEMENTATIONS = YES;
				CLANG_WARN_DIRECT_OBJC_ISA_USAGE = YES_ERROR;
				CLANG_WARN_DOCUMENTATION_COMMENTS = YES;
				CLANG_WARN_EMPTY_BODY = YES;
				CLANG_WARN_ENUM_CONVERSION = YES;
				CLANG_WARN_INFINITE_RECURSION = YES;
				CLANG_WARN_INT_CONVERSION = YES;
				CLANG_WARN_NON_LITERAL_NULL_CONVERSION = YES;
				CLANG_WARN_OBJC_IMPLICIT_RETAIN_SELF = YES;
				CLANG_WARN_OBJC_LITERAL_CONVERSION = YES;
				CLANG_WARN_OBJC_ROOT_CLASS = YES_ERROR;
				CLANG_WARN_QUOTED_INCLUDE_IN_FRAMEWORK_HEADER = YES;
				CLANG_WARN_RANGE_LOOP_ANALYSIS = YES;
				CLANG_WARN_STRICT_PROTOTYPES = YES;
				CLANG_WARN_SUSPICIOUS_MOVE = YES;
				CLANG_WARN_UNGUARDED_AVAILABILITY = YES_AGGRESSIVE;
				CLANG_WARN_UNREACHABLE_CODE = YES;
				CLANG_WARN__DUPLICATE_METHOD_MATCH = YES;
				COPY_PHASE_STRIP = NO;
				DEBUG_INFORMATION_FORMAT = "dwarf-with-dsym";
				ENABLE_NS_ASSERTIONS = NO;
				ENABLE_STRICT_OBJC_MSGSEND = YES;
				ENABLE_USER_SCRIPT_SANDBOXING = YES;
				GCC_C_LANGUAGE_STANDARD = gnu17;
				GCC_NO_COMMON_BLOCKS = YES;
				GCC_WARN_64_TO_32_BIT_CONVERSION = YES;
				GCC_WARN_ABOUT_RETURN_TYPE = YES_ERROR;
				GCC_WARN_UNDECLARED_SELECTOR = YES;
				GCC_WARN_UNINITIALIZED_AUTOS = YES_AGGRESSIVE;
				GCC_WARN_UNUSED_FUNCTION = YES;
				GCC_WARN_UNUSED_VARIABLE = YES;
				IPHONEOS_DEPLOYMENT_TARGET = 17.2;
				LOCALIZATION_PREFERS_STRING_CATALOGS = YES;
				MTL_ENABLE_DEBUG_INFO = NO;
				MTL_FAST_MATH = YES;
				SDKROOT = iphoneos;
				SWIFT_COMPILATION_MODE = wholemodule;
				VALIDATE_PRODUCT = YES;
			};
			name = Release;
		};
		C33D62962C5E715D00997C56 /* Debug */ = {
			isa = XCBuildConfiguration;
			buildSettings = {
				ASSETCATALOG_COMPILER_APPICON_NAME = AppIcon;
				ASSETCATALOG_COMPILER_GLOBAL_ACCENT_COLOR_NAME = AccentColor;
				CODE_SIGN_STYLE = Automatic;
				CURRENT_PROJECT_VERSION = 1;
				DEVELOPMENT_ASSET_PATHS = "\"ImageGen/Preview Content\"";
				DEVELOPMENT_TEAM = GAK59K8WDD;
				ENABLE_PREVIEWS = YES;
				GENERATE_INFOPLIST_FILE = YES;
				INFOPLIST_KEY_NSPhotoLibraryAddUsageDescription = "We need access to your photo library to save images.";
				INFOPLIST_KEY_UIApplicationSceneManifest_Generation = YES;
				INFOPLIST_KEY_UIApplicationSupportsIndirectInputEvents = YES;
				INFOPLIST_KEY_UILaunchScreen_Generation = YES;
				INFOPLIST_KEY_UISupportedInterfaceOrientations_iPad = "UIInterfaceOrientationPortrait UIInterfaceOrientationPortraitUpsideDown UIInterfaceOrientationLandscapeLeft UIInterfaceOrientationLandscapeRight";
				INFOPLIST_KEY_UISupportedInterfaceOrientations_iPhone = "UIInterfaceOrientationPortrait UIInterfaceOrientationLandscapeLeft UIInterfaceOrientationLandscapeRight";
				LD_RUNPATH_SEARCH_PATHS = (
					"$(inherited)",
					"@executable_path/Frameworks",
				);
				MARKETING_VERSION = 1.0;
				PRODUCT_BUNDLE_IDENTIFIER = personal.ImageGen;
				PRODUCT_NAME = "$(TARGET_NAME)";
				SWIFT_EMIT_LOC_STRINGS = YES;
				SWIFT_VERSION = 5.0;
				TARGETED_DEVICE_FAMILY = "1,2";
			};
			name = Debug;
		};
		C33D62972C5E715D00997C56 /* Release */ = {
			isa = XCBuildConfiguration;
			buildSettings = {
				ASSETCATALOG_COMPILER_APPICON_NAME = AppIcon;
				ASSETCATALOG_COMPILER_GLOBAL_ACCENT_COLOR_NAME = AccentColor;
				CODE_SIGN_STYLE = Automatic;
				CURRENT_PROJECT_VERSION = 1;
				DEVELOPMENT_ASSET_PATHS = "\"ImageGen/Preview Content\"";
				DEVELOPMENT_TEAM = GAK59K8WDD;
				ENABLE_PREVIEWS = YES;
				GENERATE_INFOPLIST_FILE = YES;
				INFOPLIST_KEY_NSPhotoLibraryAddUsageDescription = "We need access to your photo library to save images.";
				INFOPLIST_KEY_UIApplicationSceneManifest_Generation = YES;
				INFOPLIST_KEY_UIApplicationSupportsIndirectInputEvents = YES;
				INFOPLIST_KEY_UILaunchScreen_Generation = YES;
				INFOPLIST_KEY_UISupportedInterfaceOrientations_iPad = "UIInterfaceOrientationPortrait UIInterfaceOrientationPortraitUpsideDown UIInterfaceOrientationLandscapeLeft UIInterfaceOrientationLandscapeRight";
				INFOPLIST_KEY_UISupportedInterfaceOrientations_iPhone = "UIInterfaceOrientationPortrait UIInterfaceOrientationLandscapeLeft UIInterfaceOrientationLandscapeRight";
				LD_RUNPATH_SEARCH_PATHS = (
					"$(inherited)",
					"@executable_path/Frameworks",
				);
				MARKETING_VERSION = 1.0;
				PRODUCT_BUNDLE_IDENTIFIER = personal.ImageGen;
				PRODUCT_NAME = "$(TARGET_NAME)";
				SWIFT_EMIT_LOC_STRINGS = YES;
				SWIFT_VERSION = 5.0;
				TARGETED_DEVICE_FAMILY = "1,2";
			};
			name = Release;
		};
/* End XCBuildConfiguration section */

/* Begin XCConfigurationList section */
		C33D62822C5E715A00997C56 /* Build configuration list for PBXProject "ImageGen" */ = {
			isa = XCConfigurationList;
			buildConfigurations = (
				C33D62932C5E715D00997C56 /* Debug */,
				C33D62942C5E715D00997C56 /* Release */,
			);
			defaultConfigurationIsVisible = 0;
			defaultConfigurationName = Release;
		};
		C33D62952C5E715D00997C56 /* Build configuration list for PBXNativeTarget "ImageGen" */ = {
			isa = XCConfigurationList;
			buildConfigurations = (
				C33D62962C5E715D00997C56 /* Debug */,
				C33D62972C5E715D00997C56 /* Release */,
			);
			defaultConfigurationIsVisible = 0;
			defaultConfigurationName = Release;
		};
/* End XCConfigurationList section */

/* Begin XCRemoteSwiftPackageReference section */
		C33D62982C5E71D000997C56 /* XCRemoteSwiftPackageReference "OpenAIKit" */ = {
			isa = XCRemoteSwiftPackageReference;
			repositoryURL = "https://github.com/OpenDive/OpenAIKit.git";
			requirement = {
				kind = upToNextMajorVersion;
				minimumVersion = 2.0.1;
			};
		};
/* End XCRemoteSwiftPackageReference section */

/* Begin XCSwiftPackageProductDependency section */
		C33D62992C5E71D000997C56 /* OpenAIKit */ = {
			isa = XCSwiftPackageProductDependency;
			package = C33D62982C5E71D000997C56 /* XCRemoteSwiftPackageReference "OpenAIKit" */;
			productName = OpenAIKit;
		};
/* End XCSwiftPackageProductDependency section */

/* Begin XCVersionGroup section */
		C33D62A02C5E7D2500997C56 /* Model.xcdatamodeld */ = {
			isa = XCVersionGroup;
			children = (
				C33D62A12C5E7D2500997C56 /* Model.xcdatamodel */,
			);
			currentVersion = C33D62A12C5E7D2500997C56 /* Model.xcdatamodel */;
			path = Model.xcdatamodeld;
			sourceTree = "<group>";
			versionGroupType = wrapper.xcdatamodel;
		};
/* End XCVersionGroup section */
	};
	rootObject = C33D627F2C5E715A00997C56 /* Project object */;
}
